
Microsoft Visual Studio Solution File, Format Version 12.00
# Visual Studio Version 16
VisualStudioVersion = 16.0.29418.71
MinimumVisualStudioVersion = 10.0.40219.1
Project("{FAE04EC0-301F-11D3-BF4B-00C04F79EFBC}") = "FetchKeyVaultSecret", "FetchKeyVaultSecret\FetchKeyVaultSecret.csproj", "{CD9F572F-5D72-4C6E-BC43-0EF04D552E2E}"
EndProject
Global
	GlobalSection(SolutionConfigurationPlatforms) = preSolution
		Debug|Any CPU = Debug|Any CPU
		Release|Any CPU = Release|Any CPU
	EndGlobalSection
	GlobalSection(ProjectConfigurationPlatforms) = postSolution
		{CD9F572F-5D72-4C6E-BC43-0EF04D552E2E}.Debug|Any CPU.ActiveCfg = Debug|Any CPU
		{CD9F572F-5D72-4C6E-BC43-0EF04D552E2E}.Debug|Any CPU.Build.0 = Debug|Any CPU
		{CD9F572F-5D72-4C6E-BC43-0EF04D552E2E}.Release|Any CPU.ActiveCfg = Release|Any CPU
		{CD9F572F-5D72-4C6E-BC43-0EF04D552E2E}.Release|Any CPU.Build.0 = Release|Any CPU
	EndGlobalSection
	GlobalSection(SolutionProperties) = preSolution
		HideSolutionNode = FALSE
	EndGlobalSection
	GlobalSection(ExtensibilityGlobals) = postSolution
		SolutionGuid = {23DA6D27-DD17-41B9-BD72-1EF0949C7992}
	EndGlobalSection
EndGlobal
